// !$*UTF8*$!
{
	archiveVersion = 1;
	classes = {
	};
	objectVersion = 45;
	objects = {

/* Begin PBXBuildFile section */
		1D3623260D0F684500981E51 /* randomwalkAppDelegate.m in Sources */ = {isa = PBXBuildFile; fileRef = 1D3623250D0F684500981E51 /* randomwalkAppDelegate.m */; };
		1D60589B0D05DD56006BFB54 /* main.m in Sources */ = {isa = PBXBuildFile; fileRef = 29B97316FDCFA39411CA2CEA /* main.m */; };
		1D60589F0D05DD5A006BFB54 /* Foundation.framework in Frameworks */ = {isa = PBXBuildFile; fileRef = 1D30AB110D05D00D00671497 /* Foundation.framework */; };
		1DF5F4E00D08C38300B7A737 /* UIKit.framework in Frameworks */ = {isa = PBXBuildFile; fileRef = 1DF5F4DF0D08C38300B7A737 /* UIKit.framework */; };
		28860B770F44E54D00985440 /* randomwalk.xcdatamodel in Sources */ = {isa = PBXBuildFile; fileRef = 28860B760F44E54D00985440 /* randomwalk.xcdatamodel */; };
		28860BE50F44EE6400985440 /* CoreData.framework in Frameworks */ = {isa = PBXBuildFile; fileRef = 28860BE40F44EE6400985440 /* CoreData.framework */; };
		2892E4100DC94CBA00A64D0F /* CoreGraphics.framework in Frameworks */ = {isa = PBXBuildFile; fileRef = 2892E40F0DC94CBA00A64D0F /* CoreGraphics.framework */; };
		2899E5600DE3E45000AC0155 /* RootViewController.xib in Resources */ = {isa = PBXBuildFile; fileRef = 2899E55F0DE3E45000AC0155 /* RootViewController.xib */; };
		28AD73600D9D9599002E5188 /* MainWindow.xib in Resources */ = {isa = PBXBuildFile; fileRef = 28AD735F0D9D9599002E5188 /* MainWindow.xib */; };
		28C286E10D94DF7D0034E888 /* RootViewController.m in Sources */ = {isa = PBXBuildFile; fileRef = 28C286E00D94DF7D0034E888 /* RootViewController.m */; };
		9E48996F10BA2FC000682D0D /* MapViewController.m in Sources */ = {isa = PBXBuildFile; fileRef = 9E48996E10BA2FC000682D0D /* MapViewController.m */; };
		AB0B6EC510C31C5800F68A68 /* MainView.xib in Resources */ = {isa = PBXBuildFile; fileRef = AB0B6EC010C31C5800F68A68 /* MainView.xib */; };
		AB0B6EC610C31C5800F68A68 /* MapView.xib in Resources */ = {isa = PBXBuildFile; fileRef = AB0B6EC110C31C5800F68A68 /* MapView.xib */; };
		AB0B6EC710C31C5800F68A68 /* NodeDetail.xib in Resources */ = {isa = PBXBuildFile; fileRef = AB0B6EC210C31C5800F68A68 /* NodeDetail.xib */; };
		AB0B6EC810C31C5800F68A68 /* Settings.xib in Resources */ = {isa = PBXBuildFile; fileRef = AB0B6EC310C31C5800F68A68 /* Settings.xib */; };
		AB4AF92410C613A30071A0D3 /* DotAndNode.m in Sources */ = {isa = PBXBuildFile; fileRef = AB4AF92310C613A30071A0D3 /* DotAndNode.m */; };
		AB64459B10BC75FE005185A9 /* CoreLocation.framework in Frameworks */ = {isa = PBXBuildFile; fileRef = AB64459A10BC75FD005185A9 /* CoreLocation.framework */; };
		AB64459D10BC75FE005185A9 /* MapKit.framework in Frameworks */ = {isa = PBXBuildFile; fileRef = AB64459C10BC75FE005185A9 /* MapKit.framework */; };
		AB6445C310BC7717005185A9 /* Accelerometer.m in Sources */ = {isa = PBXBuildFile; fileRef = AB6445BF10BC7717005185A9 /* Accelerometer.m */; };
		AB6445C410BC7717005185A9 /* MapPin.m in Sources */ = {isa = PBXBuildFile; fileRef = AB6445C110BC7717005185A9 /* MapPin.m */; };
		AB9919F010BD9A7900146D11 /* black-pin.png in Resources */ = {isa = PBXBuildFile; fileRef = AB9919E210BD9A7900146D11 /* black-pin.png */; };
		AB9919F110BD9A7A00146D11 /* blue-pin.png in Resources */ = {isa = PBXBuildFile; fileRef = AB9919E310BD9A7900146D11 /* blue-pin.png */; };
		AB9919F210BD9A7A00146D11 /* brown-pin.png in Resources */ = {isa = PBXBuildFile; fileRef = AB9919E410BD9A7900146D11 /* brown-pin.png */; };
		AB9919F310BD9A7A00146D11 /* cyan-pin.png in Resources */ = {isa = PBXBuildFile; fileRef = AB9919E510BD9A7900146D11 /* cyan-pin.png */; };
		AB9919F410BD9A7A00146D11 /* darkGray-pin.png in Resources */ = {isa = PBXBuildFile; fileRef = AB9919E610BD9A7900146D11 /* darkGray-pin.png */; };
		AB9919F510BD9A7A00146D11 /* gray-pin.png in Resources */ = {isa = PBXBuildFile; fileRef = AB9919E710BD9A7900146D11 /* gray-pin.png */; };
		AB9919F610BD9A7A00146D11 /* green-pin.png in Resources */ = {isa = PBXBuildFile; fileRef = AB9919E810BD9A7900146D11 /* green-pin.png */; };
		AB9919F710BD9A7A00146D11 /* lightGray-pin.png in Resources */ = {isa = PBXBuildFile; fileRef = AB9919E910BD9A7900146D11 /* lightGray-pin.png */; };
		AB9919F810BD9A7A00146D11 /* magenta-pin.png in Resources */ = {isa = PBXBuildFile; fileRef = AB9919EA10BD9A7900146D11 /* magenta-pin.png */; };
		AB9919F910BD9A7A00146D11 /* orange-pin.png in Resources */ = {isa = PBXBuildFile; fileRef = AB9919EB10BD9A7900146D11 /* orange-pin.png */; };
		AB9919FA10BD9A7A00146D11 /* purple-pin.png in Resources */ = {isa = PBXBuildFile; fileRef = AB9919EC10BD9A7900146D11 /* purple-pin.png */; };
		AB9919FB10BD9A7A00146D11 /* red-pin.png in Resources */ = {isa = PBXBuildFile; fileRef = AB9919ED10BD9A7900146D11 /* red-pin.png */; };
		AB9919FC10BD9A7A00146D11 /* white-pin.png in Resources */ = {isa = PBXBuildFile; fileRef = AB9919EE10BD9A7900146D11 /* white-pin.png */; };
		AB9919FD10BD9A7A00146D11 /* yellow-pin.png in Resources */ = {isa = PBXBuildFile; fileRef = AB9919EF10BD9A7900146D11 /* yellow-pin.png */; };
		AB9B88C110B8A37C00BD3F84 /* XMLParse.m in Sources */ = {isa = PBXBuildFile; fileRef = AB9B88C010B8A37C00BD3F84 /* XMLParse.m */; };
		ABA45E5D10C18EBE00F38C8B /* CameraViewController.m in Sources */ = {isa = PBXBuildFile; fileRef = ABA45E5810C18EBE00F38C8B /* CameraViewController.m */; };
		ABA45E5E10C18EBE00F38C8B /* CameraViewOverlay.m in Sources */ = {isa = PBXBuildFile; fileRef = ABA45E5A10C18EBE00F38C8B /* CameraViewOverlay.m */; };
		ABA45E5F10C18EBE00F38C8B /* GPS.m in Sources */ = {isa = PBXBuildFile; fileRef = ABA45E5C10C18EBE00F38C8B /* GPS.m */; };
		ABAD5CE010A48ED100B14D2B /* Compass.m in Sources */ = {isa = PBXBuildFile; fileRef = ABAD5CDE10A48ED100B14D2B /* Compass.m */; };
		ABAD5CF010A49A1700B14D2B /* Settings.m in Sources */ = {isa = PBXBuildFile; fileRef = ABAD5CEE10A49A1700B14D2B /* Settings.m */; };
		ABAD5CFF10A49E8D00B14D2B /* DescriptionDialog.m in Sources */ = {isa = PBXBuildFile; fileRef = ABAD5CFE10A49E8D00B14D2B /* DescriptionDialog.m */; };
		ABBA683310BC8CEE002EAB50 /* NodeDetail.m in Sources */ = {isa = PBXBuildFile; fileRef = ABBA683110BC8CEE002EAB50 /* NodeDetail.m */; };
		ABC9F05E10A9C03C00877555 /* NodeData.m in Sources */ = {isa = PBXBuildFile; fileRef = ABC9F05D10A9C03C00877555 /* NodeData.m */; };
		ABC9F0DB10A9CB9000877555 /* WalkData.m in Sources */ = {isa = PBXBuildFile; fileRef = ABC9F0DA10A9CB9000877555 /* WalkData.m */; };
		ABF39B3310AA21880098A457 /* AppData.m in Sources */ = {isa = PBXBuildFile; fileRef = ABF39B3210AA21880098A457 /* AppData.m */; };
		ABF39B3C10AA28CF0098A457 /* MainView.m in Sources */ = {isa = PBXBuildFile; fileRef = ABF39B3A10AA28CF0098A457 /* MainView.m */; };
		C7C4291010BDA3F5008988AC /* DeviceData.m in Sources */ = {isa = PBXBuildFile; fileRef = C7C4290F10BDA3F5008988AC /* DeviceData.m */; };
/* End PBXBuildFile section */

/* Begin PBXFileReference section */
		1D30AB110D05D00D00671497 /* Foundation.framework */ = {isa = PBXFileReference; lastKnownFileType = wrapper.framework; name = Foundation.framework; path = System/Library/Frameworks/Foundation.framework; sourceTree = SDKROOT; };
		1D3623240D0F684500981E51 /* randomwalkAppDelegate.h */ = {isa = PBXFileReference; fileEncoding = 4; lastKnownFileType = sourcecode.c.h; path = randomwalkAppDelegate.h; sourceTree = "<group>"; };
		1D3623250D0F684500981E51 /* randomwalkAppDelegate.m */ = {isa = PBXFileReference; fileEncoding = 4; lastKnownFileType = sourcecode.c.objc; path = randomwalkAppDelegate.m; sourceTree = "<group>"; };
		1D6058910D05DD3D006BFB54 /* randomwalk.app */ = {isa = PBXFileReference; explicitFileType = wrapper.application; includeInIndex = 0; path = randomwalk.app; sourceTree = BUILT_PRODUCTS_DIR; };
		1DF5F4DF0D08C38300B7A737 /* UIKit.framework */ = {isa = PBXFileReference; lastKnownFileType = wrapper.framework; name = UIKit.framework; path = System/Library/Frameworks/UIKit.framework; sourceTree = SDKROOT; };
		28860B760F44E54D00985440 /* randomwalk.xcdatamodel */ = {isa = PBXFileReference; fileEncoding = 4; lastKnownFileType = wrapper.xcdatamodel; path = randomwalk.xcdatamodel; sourceTree = "<group>"; };
		28860BE40F44EE6400985440 /* CoreData.framework */ = {isa = PBXFileReference; lastKnownFileType = wrapper.framework; name = CoreData.framework; path = System/Library/Frameworks/CoreData.framework; sourceTree = SDKROOT; };
		2892E40F0DC94CBA00A64D0F /* CoreGraphics.framework */ = {isa = PBXFileReference; lastKnownFileType = wrapper.framework; name = CoreGraphics.framework; path = System/Library/Frameworks/CoreGraphics.framework; sourceTree = SDKROOT; };
		2899E55F0DE3E45000AC0155 /* RootViewController.xib */ = {isa = PBXFileReference; lastKnownFileType = file.xib; path = RootViewController.xib; sourceTree = "<group>"; };
		28A0AAE50D9B0CCF005BE974 /* randomwalk_Prefix.pch */ = {isa = PBXFileReference; fileEncoding = 4; lastKnownFileType = sourcecode.c.h; path = randomwalk_Prefix.pch; sourceTree = "<group>"; };
		28AD735F0D9D9599002E5188 /* MainWindow.xib */ = {isa = PBXFileReference; lastKnownFileType = file.xib; path = MainWindow.xib; sourceTree = "<group>"; };
		28C286DF0D94DF7D0034E888 /* RootViewController.h */ = {isa = PBXFileReference; fileEncoding = 4; lastKnownFileType = sourcecode.c.h; path = RootViewController.h; sourceTree = "<group>"; };
		28C286E00D94DF7D0034E888 /* RootViewController.m */ = {isa = PBXFileReference; fileEncoding = 4; lastKnownFileType = sourcecode.c.objc; path = RootViewController.m; sourceTree = "<group>"; };
		29B97316FDCFA39411CA2CEA /* main.m */ = {isa = PBXFileReference; fileEncoding = 4; lastKnownFileType = sourcecode.c.objc; path = main.m; sourceTree = "<group>"; };
		8D1107310486CEB800E47090 /* randomwalk-Info.plist */ = {isa = PBXFileReference; fileEncoding = 4; lastKnownFileType = text.plist.xml; path = "randomwalk-Info.plist"; plistStructureDefinitionIdentifier = "com.apple.xcode.plist.structure-definition.iphone.info-plist"; sourceTree = "<group>"; };
		9E48996D10BA2FC000682D0D /* MapViewController.h */ = {isa = PBXFileReference; fileEncoding = 4; lastKnownFileType = sourcecode.c.h; path = MapViewController.h; sourceTree = "<group>"; };
		9E48996E10BA2FC000682D0D /* MapViewController.m */ = {isa = PBXFileReference; fileEncoding = 4; lastKnownFileType = sourcecode.c.objc; path = MapViewController.m; sourceTree = "<group>"; };
		AB0B6EC010C31C5800F68A68 /* MainView.xib */ = {isa = PBXFileReference; lastKnownFileType = file.xib; path = MainView.xib; sourceTree = "<group>"; };
		AB0B6EC110C31C5800F68A68 /* MapView.xib */ = {isa = PBXFileReference; lastKnownFileType = file.xib; path = MapView.xib; sourceTree = "<group>"; };
		AB0B6EC210C31C5800F68A68 /* NodeDetail.xib */ = {isa = PBXFileReference; lastKnownFileType = file.xib; path = NodeDetail.xib; sourceTree = "<group>"; };
		AB0B6EC310C31C5800F68A68 /* Settings.xib */ = {isa = PBXFileReference; lastKnownFileType = file.xib; path = Settings.xib; sourceTree = "<group>"; };
		AB4AF92210C613A30071A0D3 /* DotAndNode.h */ = {isa = PBXFileReference; fileEncoding = 4; lastKnownFileType = sourcecode.c.h; path = DotAndNode.h; sourceTree = "<group>"; };
		AB4AF92310C613A30071A0D3 /* DotAndNode.m */ = {isa = PBXFileReference; fileEncoding = 4; lastKnownFileType = sourcecode.c.objc; path = DotAndNode.m; sourceTree = "<group>"; };
		AB64459A10BC75FD005185A9 /* CoreLocation.framework */ = {isa = PBXFileReference; lastKnownFileType = wrapper.framework; name = CoreLocation.framework; path = System/Library/Frameworks/CoreLocation.framework; sourceTree = SDKROOT; };
		AB64459C10BC75FE005185A9 /* MapKit.framework */ = {isa = PBXFileReference; lastKnownFileType = wrapper.framework; name = MapKit.framework; path = System/Library/Frameworks/MapKit.framework; sourceTree = SDKROOT; };
		AB6445BE10BC7717005185A9 /* Accelerometer.h */ = {isa = PBXFileReference; fileEncoding = 4; lastKnownFileType = sourcecode.c.h; path = Accelerometer.h; sourceTree = "<group>"; };
		AB6445BF10BC7717005185A9 /* Accelerometer.m */ = {isa = PBXFileReference; fileEncoding = 4; lastKnownFileType = sourcecode.c.objc; path = Accelerometer.m; sourceTree = "<group>"; };
		AB6445C010BC7717005185A9 /* MapPin.h */ = {isa = PBXFileReference; fileEncoding = 4; lastKnownFileType = sourcecode.c.h; path = MapPin.h; sourceTree = "<group>"; };
		AB6445C110BC7717005185A9 /* MapPin.m */ = {isa = PBXFileReference; fileEncoding = 4; lastKnownFileType = sourcecode.c.objc; path = MapPin.m; sourceTree = "<group>"; };
		AB9919E210BD9A7900146D11 /* black-pin.png */ = {isa = PBXFileReference; lastKnownFileType = image.png; path = "black-pin.png"; sourceTree = "<group>"; };
		AB9919E310BD9A7900146D11 /* blue-pin.png */ = {isa = PBXFileReference; lastKnownFileType = image.png; path = "blue-pin.png"; sourceTree = "<group>"; };
		AB9919E410BD9A7900146D11 /* brown-pin.png */ = {isa = PBXFileReference; lastKnownFileType = image.png; path = "brown-pin.png"; sourceTree = "<group>"; };
		AB9919E510BD9A7900146D11 /* cyan-pin.png */ = {isa = PBXFileReference; lastKnownFileType = image.png; path = "cyan-pin.png"; sourceTree = "<group>"; };
		AB9919E610BD9A7900146D11 /* darkGray-pin.png */ = {isa = PBXFileReference; lastKnownFileType = image.png; path = "darkGray-pin.png"; sourceTree = "<group>"; };
		AB9919E710BD9A7900146D11 /* gray-pin.png */ = {isa = PBXFileReference; lastKnownFileType = image.png; path = "gray-pin.png"; sourceTree = "<group>"; };
		AB9919E810BD9A7900146D11 /* green-pin.png */ = {isa = PBXFileReference; lastKnownFileType = image.png; path = "green-pin.png"; sourceTree = "<group>"; };
		AB9919E910BD9A7900146D11 /* lightGray-pin.png */ = {isa = PBXFileReference; lastKnownFileType = image.png; path = "lightGray-pin.png"; sourceTree = "<group>"; };
		AB9919EA10BD9A7900146D11 /* magenta-pin.png */ = {isa = PBXFileReference; lastKnownFileType = image.png; path = "magenta-pin.png"; sourceTree = "<group>"; };
		AB9919EB10BD9A7900146D11 /* orange-pin.png */ = {isa = PBXFileReference; lastKnownFileType = image.png; path = "orange-pin.png"; sourceTree = "<group>"; };
		AB9919EC10BD9A7900146D11 /* purple-pin.png */ = {isa = PBXFileReference; lastKnownFileType = image.png; path = "purple-pin.png"; sourceTree = "<group>"; };
		AB9919ED10BD9A7900146D11 /* red-pin.png */ = {isa = PBXFileReference; lastKnownFileType = image.png; path = "red-pin.png"; sourceTree = "<group>"; };
		AB9919EE10BD9A7900146D11 /* white-pin.png */ = {isa = PBXFileReference; lastKnownFileType = image.png; path = "white-pin.png"; sourceTree = "<group>"; };
		AB9919EF10BD9A7900146D11 /* yellow-pin.png */ = {isa = PBXFileReference; lastKnownFileType = image.png; path = "yellow-pin.png"; sourceTree = "<group>"; };
		AB9B88BF10B8A37C00BD3F84 /* XMLParse.h */ = {isa = PBXFileReference; fileEncoding = 4; lastKnownFileType = sourcecode.c.h; path = XMLParse.h; sourceTree = "<group>"; };
		AB9B88C010B8A37C00BD3F84 /* XMLParse.m */ = {isa = PBXFileReference; fileEncoding = 4; lastKnownFileType = sourcecode.c.objc; path = XMLParse.m; sourceTree = "<group>"; };
		ABA45E5710C18EBE00F38C8B /* CameraViewController.h */ = {isa = PBXFileReference; fileEncoding = 4; lastKnownFileType = sourcecode.c.h; path = CameraViewController.h; sourceTree = "<group>"; };
		ABA45E5810C18EBE00F38C8B /* CameraViewController.m */ = {isa = PBXFileReference; fileEncoding = 4; lastKnownFileType = sourcecode.c.objc; path = CameraViewController.m; sourceTree = "<group>"; };
		ABA45E5910C18EBE00F38C8B /* CameraViewOverlay.h */ = {isa = PBXFileReference; fileEncoding = 4; lastKnownFileType = sourcecode.c.h; path = CameraViewOverlay.h; sourceTree = "<group>"; };
		ABA45E5A10C18EBE00F38C8B /* CameraViewOverlay.m */ = {isa = PBXFileReference; fileEncoding = 4; lastKnownFileType = sourcecode.c.objc; path = CameraViewOverlay.m; sourceTree = "<group>"; };
		ABA45E5B10C18EBE00F38C8B /* GPS.h */ = {isa = PBXFileReference; fileEncoding = 4; lastKnownFileType = sourcecode.c.h; path = GPS.h; sourceTree = "<group>"; };
		ABA45E5C10C18EBE00F38C8B /* GPS.m */ = {isa = PBXFileReference; fileEncoding = 4; lastKnownFileType = sourcecode.c.objc; path = GPS.m; sourceTree = "<group>"; };
		ABAD5CDD10A48ED100B14D2B /* Compass.h */ = {isa = PBXFileReference; fileEncoding = 4; lastKnownFileType = sourcecode.c.h; path = Compass.h; sourceTree = "<group>"; wrapsLines = 1; };
		ABAD5CDE10A48ED100B14D2B /* Compass.m */ = {isa = PBXFileReference; fileEncoding = 4; lastKnownFileType = sourcecode.c.objc; path = Compass.m; sourceTree = "<group>"; };
		ABAD5CED10A49A1700B14D2B /* Settings.h */ = {isa = PBXFileReference; fileEncoding = 4; lastKnownFileType = sourcecode.c.h; path = Settings.h; sourceTree = "<group>"; wrapsLines = 1; };
		ABAD5CEE10A49A1700B14D2B /* Settings.m */ = {isa = PBXFileReference; fileEncoding = 4; lastKnownFileType = sourcecode.c.objc; path = Settings.m; sourceTree = "<group>"; };
		ABAD5CFD10A49E8D00B14D2B /* DescriptionDialog.h */ = {isa = PBXFileReference; fileEncoding = 4; lastKnownFileType = sourcecode.c.h; path = DescriptionDialog.h; sourceTree = "<group>"; wrapsLines = 1; };
		ABAD5CFE10A49E8D00B14D2B /* DescriptionDialog.m */ = {isa = PBXFileReference; fileEncoding = 4; lastKnownFileType = sourcecode.c.objc; path = DescriptionDialog.m; sourceTree = "<group>"; };
		ABBA683010BC8CEE002EAB50 /* NodeDetail.h */ = {isa = PBXFileReference; fileEncoding = 4; lastKnownFileType = sourcecode.c.h; path = NodeDetail.h; sourceTree = "<group>"; };
		ABBA683110BC8CEE002EAB50 /* NodeDetail.m */ = {isa = PBXFileReference; fileEncoding = 4; lastKnownFileType = sourcecode.c.objc; path = NodeDetail.m; sourceTree = "<group>"; };
		ABC9F05C10A9C03C00877555 /* NodeData.h */ = {isa = PBXFileReference; fileEncoding = 4; lastKnownFileType = sourcecode.c.h; path = NodeData.h; sourceTree = "<group>"; };
		ABC9F05D10A9C03C00877555 /* NodeData.m */ = {isa = PBXFileReference; fileEncoding = 4; lastKnownFileType = sourcecode.c.objc; path = NodeData.m; sourceTree = "<group>"; };
		ABC9F0D910A9CB9000877555 /* WalkData.h */ = {isa = PBXFileReference; fileEncoding = 4; lastKnownFileType = sourcecode.c.h; path = WalkData.h; sourceTree = "<group>"; };
		ABC9F0DA10A9CB9000877555 /* WalkData.m */ = {isa = PBXFileReference; fileEncoding = 4; lastKnownFileType = sourcecode.c.objc; path = WalkData.m; sourceTree = "<group>"; };
		ABF39B3110AA21880098A457 /* AppData.h */ = {isa = PBXFileReference; fileEncoding = 4; lastKnownFileType = sourcecode.c.h; path = AppData.h; sourceTree = "<group>"; };
		ABF39B3210AA21880098A457 /* AppData.m */ = {isa = PBXFileReference; fileEncoding = 4; lastKnownFileType = sourcecode.c.objc; path = AppData.m; sourceTree = "<group>"; };
		ABF39B3910AA28CF0098A457 /* MainView.h */ = {isa = PBXFileReference; fileEncoding = 4; lastKnownFileType = sourcecode.c.h; path = MainView.h; sourceTree = "<group>"; };
		ABF39B3A10AA28CF0098A457 /* MainView.m */ = {isa = PBXFileReference; fileEncoding = 4; lastKnownFileType = sourcecode.c.objc; path = MainView.m; sourceTree = "<group>"; };
		C7C4290E10BDA3F5008988AC /* DeviceData.h */ = {isa = PBXFileReference; fileEncoding = 4; lastKnownFileType = sourcecode.c.h; path = DeviceData.h; sourceTree = "<group>"; };
		C7C4290F10BDA3F5008988AC /* DeviceData.m */ = {isa = PBXFileReference; fileEncoding = 4; lastKnownFileType = sourcecode.c.objc; path = DeviceData.m; sourceTree = "<group>"; };
/* End PBXFileReference section */

/* Begin PBXFrameworksBuildPhase section */
		1D60588F0D05DD3D006BFB54 /* Frameworks */ = {
			isa = PBXFrameworksBuildPhase;
			buildActionMask = 2147483647;
			files = (
				1D60589F0D05DD5A006BFB54 /* Foundation.framework in Frameworks */,
				1DF5F4E00D08C38300B7A737 /* UIKit.framework in Frameworks */,
				2892E4100DC94CBA00A64D0F /* CoreGraphics.framework in Frameworks */,
				28860BE50F44EE6400985440 /* CoreData.framework in Frameworks */,
				AB64459B10BC75FE005185A9 /* CoreLocation.framework in Frameworks */,
				AB64459D10BC75FE005185A9 /* MapKit.framework in Frameworks */,
			);
			runOnlyForDeploymentPostprocessing = 0;
		};
/* End PBXFrameworksBuildPhase section */

/* Begin PBXGroup section */
		080E96DDFE201D6D7F000001 /* Classes */ = {
			isa = PBXGroup;
			children = (
				AB0B6ECA10C31C6100F68A68 /* View */,
				ABF39B3010AA1E620098A457 /* Controller */,
				ABF39B2E10AA1E570098A457 /* Model */,
				28C286DF0D94DF7D0034E888 /* RootViewController.h */,
				28C286E00D94DF7D0034E888 /* RootViewController.m */,
				1D3623240D0F684500981E51 /* randomwalkAppDelegate.h */,
				1D3623250D0F684500981E51 /* randomwalkAppDelegate.m */,
			);
			path = Classes;
			sourceTree = "<group>";
		};
		19C28FACFE9D520D11CA2CBB /* Products */ = {
			isa = PBXGroup;
			children = (
				1D6058910D05DD3D006BFB54 /* randomwalk.app */,
			);
			name = Products;
			sourceTree = "<group>";
		};
		29B97314FDCFA39411CA2CEA /* CustomTemplate */ = {
			isa = PBXGroup;
			children = (
				AB9919E110BD9A7900146D11 /* Images */,
				080E96DDFE201D6D7F000001 /* Classes */,
				29B97315FDCFA39411CA2CEA /* Other Sources */,
				29B97317FDCFA39411CA2CEA /* Resources */,
				29B97323FDCFA39411CA2CEA /* Frameworks */,
				19C28FACFE9D520D11CA2CBB /* Products */,
			);
			name = CustomTemplate;
			sourceTree = "<group>";
		};
		29B97315FDCFA39411CA2CEA /* Other Sources */ = {
			isa = PBXGroup;
			children = (
				28A0AAE50D9B0CCF005BE974 /* randomwalk_Prefix.pch */,
				29B97316FDCFA39411CA2CEA /* main.m */,
			);
			name = "Other Sources";
			sourceTree = "<group>";
		};
		29B97317FDCFA39411CA2CEA /* Resources */ = {
			isa = PBXGroup;
			children = (
				28860B760F44E54D00985440 /* randomwalk.xcdatamodel */,
				2899E55F0DE3E45000AC0155 /* RootViewController.xib */,
				28AD735F0D9D9599002E5188 /* MainWindow.xib */,
				8D1107310486CEB800E47090 /* randomwalk-Info.plist */,
			);
			name = Resources;
			sourceTree = "<group>";
		};
		29B97323FDCFA39411CA2CEA /* Frameworks */ = {
			isa = PBXGroup;
			children = (
				1DF5F4DF0D08C38300B7A737 /* UIKit.framework */,
				1D30AB110D05D00D00671497 /* Foundation.framework */,
				2892E40F0DC94CBA00A64D0F /* CoreGraphics.framework */,
				28860BE40F44EE6400985440 /* CoreData.framework */,
				AB64459A10BC75FD005185A9 /* CoreLocation.framework */,
				AB64459C10BC75FE005185A9 /* MapKit.framework */,
			);
			name = Frameworks;
			sourceTree = "<group>";
		};
		AB0B6ECA10C31C6100F68A68 /* View */ = {
			isa = PBXGroup;
			children = (
				AB0B6EC010C31C5800F68A68 /* MainView.xib */,
				AB0B6EC110C31C5800F68A68 /* MapView.xib */,
				AB0B6EC210C31C5800F68A68 /* NodeDetail.xib */,
				AB0B6EC310C31C5800F68A68 /* Settings.xib */,
			);
			name = View;
			sourceTree = "<group>";
		};
		AB9919E110BD9A7900146D11 /* Images */ = {
			isa = PBXGroup;
			children = (
				AB9919E210BD9A7900146D11 /* black-pin.png */,
				AB9919E310BD9A7900146D11 /* blue-pin.png */,
				AB9919E410BD9A7900146D11 /* brown-pin.png */,
				AB9919E510BD9A7900146D11 /* cyan-pin.png */,
				AB9919E610BD9A7900146D11 /* darkGray-pin.png */,
				AB9919E710BD9A7900146D11 /* gray-pin.png */,
				AB9919E810BD9A7900146D11 /* green-pin.png */,
				AB9919E910BD9A7900146D11 /* lightGray-pin.png */,
				AB9919EA10BD9A7900146D11 /* magenta-pin.png */,
				AB9919EB10BD9A7900146D11 /* orange-pin.png */,
				AB9919EC10BD9A7900146D11 /* purple-pin.png */,
				AB9919ED10BD9A7900146D11 /* red-pin.png */,
				AB9919EE10BD9A7900146D11 /* white-pin.png */,
				AB9919EF10BD9A7900146D11 /* yellow-pin.png */,
			);
			name = Images;
			path = Classes/Images;
			sourceTree = "<group>";
		};
		ABF39B2E10AA1E570098A457 /* Model */ = {
			isa = PBXGroup;
			children = (
				AB9B88BF10B8A37C00BD3F84 /* XMLParse.h */,
				AB9B88C010B8A37C00BD3F84 /* XMLParse.m */,
				ABC9F0D910A9CB9000877555 /* WalkData.h */,
				ABC9F0DA10A9CB9000877555 /* WalkData.m */,
				ABC9F05C10A9C03C00877555 /* NodeData.h */,
				ABC9F05D10A9C03C00877555 /* NodeData.m */,
				ABF39B3110AA21880098A457 /* AppData.h */,
				ABF39B3210AA21880098A457 /* AppData.m */,
				C7C4290E10BDA3F5008988AC /* DeviceData.h */,
				C7C4290F10BDA3F5008988AC /* DeviceData.m */,
				ABA45E5B10C18EBE00F38C8B /* GPS.h */,
				ABA45E5C10C18EBE00F38C8B /* GPS.m */,
			);
			name = Model;
			sourceTree = "<group>";
		};
		ABF39B3010AA1E620098A457 /* Controller */ = {
			isa = PBXGroup;
			children = (
				ABA45E5710C18EBE00F38C8B /* CameraViewController.h */,
				ABA45E5810C18EBE00F38C8B /* CameraViewController.m */,
				ABA45E5910C18EBE00F38C8B /* CameraViewOverlay.h */,
				ABA45E5A10C18EBE00F38C8B /* CameraViewOverlay.m */,
				ABBA683010BC8CEE002EAB50 /* NodeDetail.h */,
				ABBA683110BC8CEE002EAB50 /* NodeDetail.m */,
				9E48996D10BA2FC000682D0D /* MapViewController.h */,
				9E48996E10BA2FC000682D0D /* MapViewController.m */,
				ABF39B3910AA28CF0098A457 /* MainView.h */,
				ABF39B3A10AA28CF0098A457 /* MainView.m */,
				AB6445BE10BC7717005185A9 /* Accelerometer.h */,
				AB6445BF10BC7717005185A9 /* Accelerometer.m */,
				AB6445C010BC7717005185A9 /* MapPin.h */,
				AB6445C110BC7717005185A9 /* MapPin.m */,
				ABAD5CFD10A49E8D00B14D2B /* DescriptionDialog.h */,
				ABAD5CFE10A49E8D00B14D2B /* DescriptionDialog.m */,
				ABAD5CED10A49A1700B14D2B /* Settings.h */,
				ABAD5CEE10A49A1700B14D2B /* Settings.m */,
				ABAD5CDD10A48ED100B14D2B /* Compass.h */,
				ABAD5CDE10A48ED100B14D2B /* Compass.m */,
				AB4AF92210C613A30071A0D3 /* DotAndNode.h */,
				AB4AF92310C613A30071A0D3 /* DotAndNode.m */,
			);
			name = Controller;
			sourceTree = "<group>";
		};
/* End PBXGroup section */

/* Begin PBXNativeTarget section */
		1D6058900D05DD3D006BFB54 /* randomwalk */ = {
			isa = PBXNativeTarget;
			buildConfigurationList = 1D6058960D05DD3E006BFB54 /* Build configuration list for PBXNativeTarget "randomwalk" */;
			buildPhases = (
				1D60588D0D05DD3D006BFB54 /* Resources */,
				1D60588E0D05DD3D006BFB54 /* Sources */,
				1D60588F0D05DD3D006BFB54 /* Frameworks */,
			);
			buildRules = (
			);
			dependencies = (
			);
			name = randomwalk;
			productName = randomwalk;
			productReference = 1D6058910D05DD3D006BFB54 /* randomwalk.app */;
			productType = "com.apple.product-type.application";
		};
/* End PBXNativeTarget section */

/* Begin PBXProject section */
		29B97313FDCFA39411CA2CEA /* Project object */ = {
			isa = PBXProject;
			attributes = {
				ORGANIZATIONNAME = "CS 309 Group 8";
			};
			buildConfigurationList = C01FCF4E08A954540054247B /* Build configuration list for PBXProject "randomwalk" */;
			compatibilityVersion = "Xcode 3.1";
			hasScannedForEncodings = 1;
			knownRegions = (
				English,
				Japanese,
				French,
				German,
				en,
			);
			mainGroup = 29B97314FDCFA39411CA2CEA /* CustomTemplate */;
			projectDirPath = "";
			projectRoot = "";
			targets = (
				1D6058900D05DD3D006BFB54 /* randomwalk */,
			);
		};
/* End PBXProject section */

/* Begin PBXResourcesBuildPhase section */
		1D60588D0D05DD3D006BFB54 /* Resources */ = {
			isa = PBXResourcesBuildPhase;
			buildActionMask = 2147483647;
			files = (
				28AD73600D9D9599002E5188 /* MainWindow.xib in Resources */,
				2899E5600DE3E45000AC0155 /* RootViewController.xib in Resources */,
				AB9919F010BD9A7900146D11 /* black-pin.png in Resources */,
				AB9919F110BD9A7A00146D11 /* blue-pin.png in Resources */,
				AB9919F210BD9A7A00146D11 /* brown-pin.png in Resources */,
				AB9919F310BD9A7A00146D11 /* cyan-pin.png in Resources */,
				AB9919F410BD9A7A00146D11 /* darkGray-pin.png in Resources */,
				AB9919F510BD9A7A00146D11 /* gray-pin.png in Resources */,
				AB9919F610BD9A7A00146D11 /* green-pin.png in Resources */,
				AB9919F710BD9A7A00146D11 /* lightGray-pin.png in Resources */,
				AB9919F810BD9A7A00146D11 /* magenta-pin.png in Resources */,
				AB9919F910BD9A7A00146D11 /* orange-pin.png in Resources */,
				AB9919FA10BD9A7A00146D11 /* purple-pin.png in Resources */,
				AB9919FB10BD9A7A00146D11 /* red-pin.png in Resources */,
				AB9919FC10BD9A7A00146D11 /* white-pin.png in Resources */,
				AB9919FD10BD9A7A00146D11 /* yellow-pin.png in Resources */,
				AB0B6EC510C31C5800F68A68 /* MainView.xib in Resources */,
				AB0B6EC610C31C5800F68A68 /* MapView.xib in Resources */,
				AB0B6EC710C31C5800F68A68 /* NodeDetail.xib in Resources */,
				AB0B6EC810C31C5800F68A68 /* Settings.xib in Resources */,
			);
			runOnlyForDeploymentPostprocessing = 0;
		};
/* End PBXResourcesBuildPhase section */

/* Begin PBXSourcesBuildPhase section */
		1D60588E0D05DD3D006BFB54 /* Sources */ = {
			isa = PBXSourcesBuildPhase;
			buildActionMask = 2147483647;
			files = (
				1D60589B0D05DD56006BFB54 /* main.m in Sources */,
				1D3623260D0F684500981E51 /* randomwalkAppDelegate.m in Sources */,
				28C286E10D94DF7D0034E888 /* RootViewController.m in Sources */,
				28860B770F44E54D00985440 /* randomwalk.xcdatamodel in Sources */,
				ABAD5CE010A48ED100B14D2B /* Compass.m in Sources */,
				ABAD5CF010A49A1700B14D2B /* Settings.m in Sources */,
				ABAD5CFF10A49E8D00B14D2B /* DescriptionDialog.m in Sources */,
				ABC9F05E10A9C03C00877555 /* NodeData.m in Sources */,
				ABC9F0DB10A9CB9000877555 /* WalkData.m in Sources */,
				ABF39B3310AA21880098A457 /* AppData.m in Sources */,
				ABF39B3C10AA28CF0098A457 /* MainView.m in Sources */,
				AB9B88C110B8A37C00BD3F84 /* XMLParse.m in Sources */,
				9E48996F10BA2FC000682D0D /* MapViewController.m in Sources */,
				AB6445C310BC7717005185A9 /* Accelerometer.m in Sources */,
				AB6445C410BC7717005185A9 /* MapPin.m in Sources */,
				ABBA683310BC8CEE002EAB50 /* NodeDetail.m in Sources */,
				C7C4291010BDA3F5008988AC /* DeviceData.m in Sources */,
				ABA45E5D10C18EBE00F38C8B /* CameraViewController.m in Sources */,
				ABA45E5E10C18EBE00F38C8B /* CameraViewOverlay.m in Sources */,
				ABA45E5F10C18EBE00F38C8B /* GPS.m in Sources */,
				AB4AF92410C613A30071A0D3 /* DotAndNode.m in Sources */,
			);
			runOnlyForDeploymentPostprocessing = 0;
		};
/* End PBXSourcesBuildPhase section */

/* Begin XCBuildConfiguration section */
		1D6058940D05DD3E006BFB54 /* Debug */ = {
			isa = XCBuildConfiguration;
			buildSettings = {
				ALWAYS_SEARCH_USER_PATHS = NO;
				COPY_PHASE_STRIP = NO;
				GCC_DYNAMIC_NO_PIC = NO;
				GCC_OPTIMIZATION_LEVEL = 0;
				GCC_PRECOMPILE_PREFIX_HEADER = YES;
				GCC_PREFIX_HEADER = randomwalk_Prefix.pch;
				INFOPLIST_FILE = "randomwalk-Info.plist";
				PRODUCT_NAME = randomwalk;
			};
			name = Debug;
		};
		1D6058950D05DD3E006BFB54 /* Release */ = {
			isa = XCBuildConfiguration;
			buildSettings = {
				ALWAYS_SEARCH_USER_PATHS = NO;
				COPY_PHASE_STRIP = YES;
				GCC_PRECOMPILE_PREFIX_HEADER = YES;
				GCC_PREFIX_HEADER = randomwalk_Prefix.pch;
				INFOPLIST_FILE = "randomwalk-Info.plist";
				PRODUCT_NAME = randomwalk;
			};
			name = Release;
		};
		C01FCF4F08A954540054247B /* Debug */ = {
			isa = XCBuildConfiguration;
			buildSettings = {
				ARCHS = "$(ARCHS_STANDARD_32_BIT)";
				CODE_SIGN_ENTITLEMENTS = "";
				CODE_SIGN_IDENTITY = "iPhone Developer";
				"CODE_SIGN_IDENTITY[sdk=iphoneos3.1.2]" = "iPhone Developer: Barret Schloerke (45349L9R94)";
				GCC_C_LANGUAGE_STANDARD = c99;
				GCC_WARN_ABOUT_RETURN_TYPE = YES;
				GCC_WARN_UNUSED_VARIABLE = YES;
				PREBINDING = NO;
				PROVISIONING_PROFILE = "";
				"PROVISIONING_PROFILE[sdk=iphoneos3.1.2]" = "52070C54-0EA1-4AD5-B3B2-0C2ED740D8E4";
				SDKROOT = iphoneos3.1.2;
			};
			name = Debug;
		};
		C01FCF5008A954540054247B /* Release */ = {
			isa = XCBuildConfiguration;
			buildSettings = {
				ARCHS = "$(ARCHS_STANDARD_32_BIT)";
				"CODE_SIGN_IDENTITY[sdk=iphoneos*]" = "iPhone Developer";
				GCC_C_LANGUAGE_STANDARD = c99;
				GCC_WARN_ABOUT_RETURN_TYPE = YES;
				GCC_WARN_UNUSED_VARIABLE = YES;
				PREBINDING = NO;
				SDKROOT = iphoneos3.1;
			};
			name = Release;
		};
/* End XCBuildConfiguration section */

/* Begin XCConfigurationList section */
		1D6058960D05DD3E006BFB54 /* Build configuration list for PBXNativeTarget "randomwalk" */ = {
			isa = XCConfigurationList;
			buildConfigurations = (
				1D6058940D05DD3E006BFB54 /* Debug */,
				1D6058950D05DD3E006BFB54 /* Release */,
			);
			defaultConfigurationIsVisible = 0;
			defaultConfigurationName = Release;
		};
		C01FCF4E08A954540054247B /* Build configuration list for PBXProject "randomwalk" */ = {
			isa = XCConfigurationList;
			buildConfigurations = (
				C01FCF4F08A954540054247B /* Debug */,
				C01FCF5008A954540054247B /* Release */,
			);
			defaultConfigurationIsVisible = 0;
			defaultConfigurationName = Release;
		};
/* End XCConfigurationList section */
	};
	rootObject = 29B97313FDCFA39411CA2CEA /* Project object */;
}
